
Microsoft Visual Studio Solution File, Format Version 12.00
# Visual Studio 15
VisualStudioVersion = 15.0.28307.1259
MinimumVisualStudioVersion = 10.0.40219.1
Project("{FAE04EC0-301F-11D3-BF4B-00C04F79EFBC}") = "WindowsFormsApp6", "WindowsFormsApp6\WindowsFormsApp6.csproj", "{74F663F7-193C-443E-8D7C-38093412C637}"
EndProject
Global
	GlobalSection(SolutionConfigurationPlatforms) = preSolution
		Debug|Any CPU = Debug|Any CPU
		Release|Any CPU = Release|Any CPU
	EndGlobalSection
	GlobalSection(ProjectConfigurationPlatforms) = postSolution
		{74F663F7-193C-443E-8D7C-38093412C637}.Debug|Any CPU.ActiveCfg = Debug|Any CPU
		{74F663F7-193C-443E-8D7C-38093412C637}.Debug|Any CPU.Build.0 = Debug|Any CPU
		{74F663F7-193C-443E-8D7C-38093412C637}.Release|Any CPU.ActiveCfg = Release|Any CPU
		{74F663F7-193C-443E-8D7C-38093412C637}.Release|Any CPU.Build.0 = Release|Any CPU
	EndGlobalSection
	GlobalSection(SolutionProperties) = preSolution
		HideSolutionNode = FALSE
	EndGlobalSection
	GlobalSection(ExtensibilityGlobals) = postSolution
		SolutionGuid = {4503B479-5985-4830-9112-1207E18A9490}
	EndGlobalSection
EndGlobal
